
Microsoft Visual Studio Solution File, Format Version 12.00
# Visual Studio Version 16
VisualStudioVersion = 16.0.30517.126
MinimumVisualStudioVersion = 10.0.40219.1
Project("{FAE04EC0-301F-11D3-BF4B-00C04F79EFBC}") = "Calc", "Calc.csproj", "{31139DDB-C261-4FCF-B781-840C72DA404F}"
EndProject
Global
	GlobalSection(SolutionConfigurationPlatforms) = preSolution
		Debug|Any CPU = Debug|Any CPU
		Release|Any CPU = Release|Any CPU
	EndGlobalSection
	GlobalSection(ProjectConfigurationPlatforms) = postSolution
		{31139DDB-C261-4FCF-B781-840C72DA404F}.Debug|Any CPU.ActiveCfg = Debug|Any CPU
		{31139DDB-C261-4FCF-B781-840C72DA404F}.Debug|Any CPU.Build.0 = Debug|Any CPU
		{31139DDB-C261-4FCF-B781-840C72DA404F}.Release|Any CPU.ActiveCfg = Release|Any CPU
		{31139DDB-C261-4FCF-B781-840C72DA404F}.Release|Any CPU.Build.0 = Release|Any CPU
	EndGlobalSection
	GlobalSection(SolutionProperties) = preSolution
		HideSolutionNode = FALSE
	EndGlobalSection
	GlobalSection(ExtensibilityGlobals) = postSolution
		SolutionGuid = {D7997FC5-6BE6-454E-ADEA-E0F6F857AFF2}
	EndGlobalSection
EndGlobal
